github.com/cpuguy83/go-md2man/v2 v2.0.4/go.mod h1:tgQtvFlXSQOSOSIRvRPT7W67SCa46tRHOmNcaadrF8o=
github.com/inconshreveable/mousetrap v1.1.0 h1:wN+x4NVGpMsO7ErUn/mUI3vEoE6Jt13X2s0bqwp9tc8=
github.com/inconshreveable/mousetrap v1.1.0/go.mod h1:vpF70FUmC8bwa3OWnCshd2FqLfsEA9PFc4w1p2J65bw=
github.com/runapi-ai/core-sdk/go v0.2.5 h1:fYs9hl4yAlQj6N6J638tnOUBN+aiALmRxH4t0LfBOGw=
github.com/runapi-ai/core-sdk/go v0.2.5/go.mod h1:e5uC8RF6BNkAj1WkOi+nD71mZL+cir+Ia97XUQj+5N0=
github.com/runapi-ai/elevenlabs-sdk/go v0.2.6 h1:s8IQV/Hw/5mxosN6sB1c32i7b6H907+hWjPLgduch7w=
github.com/runapi-ai/elevenlabs-sdk/go v0.2.6/go.mod h1:EFCUfhMOVROC3vW7kh1yaiRfovhm/v8ORG0BcGUJhlA=
github.com/runapi-ai/flux-2-sdk/go v0.2.5 h1:1JJSGXt5clhdjHUGPo3+vT1aewqAFeK+0mcMy44y9hU=
github.com/runapi-ai/flux-2-sdk/go v0.2.5/go.mod h1:ZIfR3Txc8xg2VIwVHDrrWCDeMpl+p226Yq71tQZQIEQ=
github.com/runapi-ai/flux-kontext-sdk/go v0.2.5 h1:XpsBZLBAlyDNQDnt8yi70CAiAelIO2Hk8vPU320KI3c=
github.com/runapi-ai/flux-kontext-sdk/go v0.2.5/go.mod h1:/7oz5P7ifysB6yVOXraecCRT5LtmOTmxRoQ8so9/ieE=
github.com/runapi-ai/gemini-omni-sdk/go v0.2.6 h1:fbP+llDGf/71g711FyUlePLjHAYoNl2673lVoy52Uqo=
github.com/runapi-ai/gemini-omni-sdk/go v0.2.6/go.mod h1:gBjSQoJp7pTmqzwrNYXnNbLDUMsFIc1tVvSMNPViRCc=
github.com/runapi-ai/gpt-4o-image-sdk/go v0.2.5 h1:L+oOLeJHB1+VGXkmsceTU19TjzVgZrZe7TmiGsqZ/ss=
github.com/runapi-ai/gpt-4o-image-sdk/go v0.2.5/go.mod h1:GG4pcua49qWl+DP437BHhiJnoxzfBn5RBiw+8bUFi/s=
github.com/runapi-ai/gpt-image-2-sdk/go v0.2.5 h1:lux6pqhsD/Tnqf7w8LFpK09kttZ2pEQ1ClQFMXex3GQ=
github.com/runapi-ai/gpt-image-2-sdk/go v0.2.5/go.mod h1:mTUl0nvB58wlboWmLxfKpgbomwKAGVLVrMxYovUOPLo=
github.com/runapi-ai/gpt-image-sdk/go v0.2.5 h1:WlTeGJG08T2cWGCaNmllezJyXq4Cavm6zhel7ykqXRA=
github.com/runapi-ai/gpt-image-sdk/go v0.2.5/go.mod h1:WksrDqoND3pq7NUWMLCxYr6k1MfTUCTPj9oj5/oI9Cc=
github.com/runapi-ai/grok-imagine-sdk/go v0.2.5 h1:K3Gg6ppVFX/HAiVDmjzu2dbp0LT7jNoN2aC69tpJvMo=
github.com/runapi-ai/grok-imagine-sdk/go v0.2.5/go.mod h1:h9MXn2GZ1nssLeWW+ED7kLoLdJ7dJ4CYeSnx7n6jP4c=
github.com/runapi-ai/hailuo-sdk/go v0.2.5 h1:mj6IgL0KAQnPF+byaZMC0W6nl9xLZLEohJl2PenWjy4=
github.com/runapi-ai/hailuo-sdk/go v0.2.5/go.mod h1:hb2jrT1QLgSuMucFQjRR47nb9ODTc/01vIGvUJnQnds=
github.com/runapi-ai/happyhorse-sdk/go v0.2.5 h1:CVizsG2Tcgsxw+p3TQP81GXR+au5BTlLyIDQv7rNQ34=
github.com/runapi-ai/happyhorse-sdk/go v0.2.5/go.mod h1:8xI7IwaKdnCT01F1DU1EQ7eKpQyXe5xI9gk2JvfvCo4=
github.com/runapi-ai/ideogram-v3-sdk/go v0.2.6 h1:yIPlOc5TEbpHCstjREEyxXKnTH7LTvpOoGxyMxpXqwU=
github.com/runapi-ai/ideogram-v3-sdk/go v0.2.6/go.mod h1:HYmwyjup6EwRKlT3gn62edx5iDF60Bi2ZjMrMj03JjA=
github.com/runapi-ai/imagen-4-sdk/go v0.2.5 h1:x4OWn3apn66zkKANu8bej0m/Mszye2BxdcCNZVCjVko=
github.com/runapi-ai/imagen-4-sdk/go v0.2.5/go.mod h1:kGp9o2BcYTYH0DTgxR2lwjEqkU65l3e+ZU/7/OO9lmQ=
github.com/runapi-ai/infinitetalk-sdk/go v0.2.5 h1:R59v7sXY6ISBz7lE4opCGeUWxYrBi+jakcH0yiEdA/g=
github.com/runapi-ai/infinitetalk-sdk/go v0.2.5/go.mod h1:lr3+Lx/08MVRoD87W7T5PSDnNcQQoP+Ht09SqL0x5zs=
github.com/runapi-ai/kling-sdk/go v0.2.7 h1:Z+S8b4lDxh3hh4O2bq2YvzcMOJJfBV6aFqPTxXKffGA=
github.com/runapi-ai/kling-sdk/go v0.2.7/go.mod h1:FB7qAoSn7JSgAgS6B12HuCblWslqvNh+q+Hp4LNwDjk=
github.com/runapi-ai/luma-sdk/go v0.2.5 h1:C+Z+zTxjDcf5JQqtpNsEAiMvC4kJ++VmvQ3JEhZcdBI=
github.com/runapi-ai/luma-sdk/go v0.2.5/go.mod h1:mOpAjgBzFUSTJqp6UFKARzceKGKdq1Bb8N2dJHraVUM=
github.com/runapi-ai/nano-banana-sdk/go v0.2.5 h1:MpW2rik/J0uoYFQ7nrt76O3jHxZi9qW0Kh59DokSBUg=
github.com/runapi-ai/nano-banana-sdk/go v0.2.5/go.mod h1:zKYoI/m6HDbc9aFw5MUpAKlJ0Sz0z7Ih4kRd+D6Ub2c=
github.com/runapi-ai/qwen-2-sdk/go v0.2.6 h1:OEZzWYqBxRbby3JEqZXzLa8HFSvCQ9iw/Zww1TRmswg=
github.com/runapi-ai/qwen-2-sdk/go v0.2.6/go.mod h1:Ry9PMC6dVKHDAFmUFx68CtnEC6sNt20dxALDmP4WUfg=
github.com/runapi-ai/recraft-sdk/go v0.2.5 h1:yr0AZq8xWf7UHoD/U7QMvPpfhAisQ1oKDjFuvFsEIuI=
github.com/runapi-ai/recraft-sdk/go v0.2.5/go.mod h1:xzGFTnZ5e6nCkVZtVjOuS/B/emLmwVJjoNO1tkVFT1Q=
github.com/runapi-ai/runway-aleph-sdk/go v0.2.5 h1:PuBlYjHQjkJWJzgQeDLlZ3OtlbamWFoAOotpmW9Aslw=
github.com/runapi-ai/runway-aleph-sdk/go v0.2.5/go.mod h1:WzMtUomhE8oE/KQTfkjOqtwFJnhOVjLRvHjRV5ohOK4=
github.com/runapi-ai/runway-sdk/go v0.2.6 h1:n7ChGIWP2fnTWGOoNSynCsQjY2z09XQnmH2Gkyn6ZTI=
github.com/runapi-ai/runway-sdk/go v0.2.6/go.mod h1:qVPfwvb+BXuEyFNGEfxGh6RRUVfo2zFz7ygQXHnPs4E=
github.com/runapi-ai/seedance-sdk/go v0.2.6 h1:NtjBiDNHetLATbzIo0g+QStJVQvZsgF97eQ27tqcd6Q=
github.com/runapi-ai/seedance-sdk/go v0.2.6/go.mod h1:c1OOyza8VFhlu9IHuivGn8tUAoOOOJk+Gyw15i3+wsI=
github.com/runapi-ai/seedream-sdk/go v0.2.6 h1:rZMplm0W59bv2DIjpm/jYRaDK7OmFCcT5uI9OH9cB5Y=
github.com/runapi-ai/seedream-sdk/go v0.2.6/go.mod h1:w2lE3Ac4WNmel1EG4co5P8j5KlsvssWE6yQBU0QEuKY=
github.com/runapi-ai/suno-sdk/go v0.2.6 h1:EoYH53D0d4T8pcA6cbeQ1FnbQ64PELQ5FMsCDo3t6hI=
github.com/runapi-ai/suno-sdk/go v0.2.6/go.mod h1:GpBfBmgXmGsyX3nvSAxgIi23onQz2X3U+naJyCtHD7Q=
github.com/runapi-ai/topaz-sdk/go v0.2.5 h1:R0VDCkJeygfLdzVmPRrpbqda8EQR5ii0t5LqINI9JjQ=
github.com/runapi-ai/topaz-sdk/go v0.2.5/go.mod h1:bTS6iCnN3R+mLHyHKU/LE0IoNr+OSVbCPZkuXAoJWVk=
github.com/runapi-ai/veo-3.1-sdk/go v0.2.6 h1:so6f85laSMobQ6kaHhY4+FxPfWh1hjBbTJXC89ZjJUc=
github.com/runapi-ai/veo-3.1-sdk/go v0.2.6/go.mod h1:vVB7KhFweo0a5hNFky5LO0uj66Obf2H9Ad1OsQn3fEg=
github.com/runapi-ai/wan-sdk/go v0.2.6 h1:aj7LaQ0ozJ88Q1nvN6x4IyzNcsxLrpqMPWoyskvEQ7I=
github.com/runapi-ai/wan-sdk/go v0.2.6/go.mod h1:QIrD48ljX19YbNlWs/HauvBiTFN9fNzCFoGjYFgbvm8=
github.com/runapi-ai/z-image-sdk/go v0.2.5 h1:F7VvB7qpHyEQJk5IhJMrHiSTpzsAglAxD0yvUh+JK/8=
github.com/runapi-ai/z-image-sdk/go v0.2.5/go.mod h1:YxtUghRTy7rtFKyjwnFyHotks+06H5HuSxKx8VHY1ZM=
github.com/russross/blackfriday/v2 v2.1.0/go.mod h1:+Rmxgy9KzJVeS9/2gXHxylqXiyQDYRxCVz55jmeOWTM=
github.com/spf13/cobra v1.8.1 h1:e5/vxKd/rZsfSJMUX1agtjeTDf+qv1/JdBF8gg5k9ZM=
github.com/spf13/cobra v1.8.1/go.mod h1:wHxEcudfqmLYa8iTfL+OuZPbBZkmvliBWKIezN3kD9Y=
github.com/spf13/pflag v1.0.5 h1:iy+VFUOCP1a+8yFto/drg2CJ5u0yRoB7fZw3DKv/JXA=
github.com/spf13/pflag v1.0.5/go.mod h1:McXfInJRrz4CZXVZOBLb0bTZqETkiAhM9Iw0y3An2Bg=
gopkg.in/check.v1 v0.0.0-20161208181325-20d25e280405/go.mod h1:Co6ibVJAznAaIkqp8huTwlJQCZ016jof/cbN4VW5Yz0=
gopkg.in/yaml.v3 v3.0.1/go.mod h1:K4uyk7z7BCEPqu6E+C64Yfv1cQ7kz7rIZviUmN+EgEM=
