github.com/BurntSushi/toml v1.6.0 h1:dRaEfpa2VI55EwlIW72hMRHdWouJeRF7TPYhI+AUQjk=
github.com/BurntSushi/toml v1.6.0/go.mod h1:ukJfTF/6rtPPRCnwkur4qwRxa8vTRFBF0uk2lLoLwho=
github.com/chzyer/logex v1.1.10 h1:Swpa1K6QvQznwJRcfTfQJmTE72DqScAa40E+fbHEXEE=
github.com/chzyer/logex v1.1.10/go.mod h1:+Ywpsq7O8HXn0nuIou7OrIPyXbp3wmkHB+jjWRnGsAI=
github.com/chzyer/readline v0.0.0-20180603132655-2972be24d48e h1:fY5BOSpyZCqRo5OhCuC+XN+r/bBCmeuuJtjz+bCNIf8=
github.com/chzyer/readline v0.0.0-20180603132655-2972be24d48e/go.mod h1:nSuG5e5PlCu98SY8svDHJxuZscDgtXS6KTTbou5AhLI=
github.com/chzyer/test v0.0.0-20180213035817-a1ea475d72b1 h1:q763qf9huN11kDQavWsoZXJNW3xEE4JJyHa5Q25/sd8=
github.com/chzyer/test v0.0.0-20180213035817-a1ea475d72b1/go.mod h1:Q3SI9o4m/ZMnBNeIyt5eFwwo7qiLfzFZmjNmxjkiQlU=
github.com/cpuguy83/go-md2man/v2 v2.0.4/go.mod h1:tgQtvFlXSQOSOSIRvRPT7W67SCa46tRHOmNcaadrF8o=
github.com/inconshreveable/mousetrap v1.1.0 h1:wN+x4NVGpMsO7ErUn/mUI3vEoE6Jt13X2s0bqwp9tc8=
github.com/inconshreveable/mousetrap v1.1.0/go.mod h1:vpF70FUmC8bwa3OWnCshd2FqLfsEA9PFc4w1p2J65bw=
github.com/manifoldco/promptui v0.9.0 h1:3V4HzJk1TtXW1MTZMP7mdlwbBpIinw3HztaIlYthEiA=
github.com/manifoldco/promptui v0.9.0/go.mod h1:ka04sppxSGFAtxX0qhlYQjISsg9mR4GWtQEhdbn6Pgg=
github.com/runapi-ai/core-sdk/go v0.2.16 h1:m/bl5Da/Y/y/9+sAmeWEgppgfoW7/x6F31ZxqaHNJfw=
github.com/runapi-ai/core-sdk/go v0.2.16/go.mod h1:e5uC8RF6BNkAj1WkOi+nD71mZL+cir+Ia97XUQj+5N0=
github.com/runapi-ai/elevenlabs-sdk/go v0.2.10 h1:3ycwcMXVbYgCspLQArrq7x973UshNVDwv0M+FZUmkqE=
github.com/runapi-ai/elevenlabs-sdk/go v0.2.10/go.mod h1:scpxwHRCh0voEwqs0EVDdnz932HjG/+oPjyFPqjX8fY=
github.com/runapi-ai/fish-audio-sdk/go v0.1.3 h1:E2GfvVBo9FqmSTatsgQRSHZPxioHUNRo5FCzFGP7+Kc=
github.com/runapi-ai/fish-audio-sdk/go v0.1.3/go.mod h1:Oshr65jY6hrzo4zKQq4EbAVc+3soyPWvxdyOyGgtnDI=
github.com/runapi-ai/flux-2-sdk/go v0.3.0 h1:pk+Kn8lKe8tjXawgWdkSajf98hW4YemVCafhUkPS/Uk=
github.com/runapi-ai/flux-2-sdk/go v0.3.0/go.mod h1:bYTwNkaN159gHIdbWXwNc4VBAa0PyajuZ2bA+sQx+gI=
github.com/runapi-ai/flux-kontext-sdk/go v0.2.8 h1:OX/BJNwvWXOM0laUW/XsLzf9AVLU56Ojjfoyx9wEzsU=
github.com/runapi-ai/flux-kontext-sdk/go v0.2.8/go.mod h1:JNddxlpNSa7fZJISeIs8mujdS/su7h67DWupj0RhAQc=
github.com/runapi-ai/flux-sdk/go v0.1.1 h1:M/d+WC5qsfrfGmu+gE1Wj1N6HPXv17TnULyqEarm78A=
github.com/runapi-ai/flux-sdk/go v0.1.1/go.mod h1:+nRsgLMHvh/5QfNRfsk4oRbbkYGSMndqI1/5K3Pl0hA=
github.com/runapi-ai/gemini-omni-sdk/go v0.3.3 h1:5eh2DaxpgMX9s6qx9LZVnbhkWQz2t48b+npHm+IFouA=
github.com/runapi-ai/gemini-omni-sdk/go v0.3.3/go.mod h1:I9kv6CdxnDUbdpgvPkXnn180c22LrDqG8X3cMzTfEWs=
github.com/runapi-ai/gemini-tts-sdk/go v0.1.2 h1:BATprQqJCyhajHW2o4aBTS+n9Kp4oygsW4AdEY48Xgg=
github.com/runapi-ai/gemini-tts-sdk/go v0.1.2/go.mod h1:/z2n9MldCEWEr8+YY6CRkLn7NhgJ0EoiCSpJ9ckHtVA=
github.com/runapi-ai/gpt-4o-image-sdk/go v0.2.9 h1:Qa6cdg+dI8kud7otzrrEO0JXuaNHo7jsJ3wAQO43o4o=
github.com/runapi-ai/gpt-4o-image-sdk/go v0.2.9/go.mod h1:05C5vlU6/jHLihH2+GK1RmKTgtEvTHCU+sN8/I9c2uA=
github.com/runapi-ai/gpt-image-2-sdk/go v0.2.8 h1:60s9OpopPWowGXLD6YoPj9iAHoaQdteDsC2lBe7eX0M=
github.com/runapi-ai/gpt-image-2-sdk/go v0.2.8/go.mod h1:AiOZKoRzQcJL7TJW+cuPzxsqVnbuv64DGFWjtCnYu48=
github.com/runapi-ai/gpt-image-sdk/go v0.2.8 h1:zXt67IfuvxhAIZP1UI4/ypxce7cDJwf5Kx8sqRM2IKQ=
github.com/runapi-ai/gpt-image-sdk/go v0.2.8/go.mod h1:FTBS0Rb0ZQ/vYJWBYwR262TsH/gGnf13yaEx9r1/MDw=
github.com/runapi-ai/grok-imagine-sdk/go v0.2.12 h1:sC5CKqSemblKFryFj/yr7f44s7urTxfrb+KF7Jke4NU=
github.com/runapi-ai/grok-imagine-sdk/go v0.2.12/go.mod h1:E3sS323hWM0wx0k5EjfGNV69Bg2YpsVz6DC0b3fum5Y=
github.com/runapi-ai/hailuo-sdk/go v0.2.8 h1:5JCnmMDNuvqHAZazhcE6V/Erj4Vn/4pOJCgJckPXcUo=
github.com/runapi-ai/hailuo-sdk/go v0.2.8/go.mod h1:IKiH7DvZT9JaKVE8EWLGQM2+3fX57hlQBNodE/pV2ls=
github.com/runapi-ai/happyhorse-sdk/go v0.2.9 h1:ENrHufyanIbgO6WvCL542S7xex0SQY9j7R2CkUJT0fI=
github.com/runapi-ai/happyhorse-sdk/go v0.2.9/go.mod h1:PeJu0MnCQyPihZIG2MaXOgn/OMQR/QLcyHZ4ifuoEpY=
github.com/runapi-ai/ideogram-v3-sdk/go v0.2.9 h1:5Av6FrW1PwSsFkJj8DSfJkHFMjokcbsulNch13SSSWw=
github.com/runapi-ai/ideogram-v3-sdk/go v0.2.9/go.mod h1:8THso/zYrT+Lx536vj6bpmfBfwl5r+41A8+j2eGjBeM=
github.com/runapi-ai/imagen-4-sdk/go v0.2.10 h1:f4xNLvyjDVNtdpq3Wn7RSFmNmTSdEaC47r5T3APs5P4=
github.com/runapi-ai/imagen-4-sdk/go v0.2.10/go.mod h1:zjo9bXCYVN7J58MJHzszbwCFKIjd4PHa7nPmox6Xy8Q=
github.com/runapi-ai/infinitetalk-sdk/go v0.2.8 h1:Ly31a1CgzP/68ngLISnpApBCK25LXqUp3UCpW0JFy2g=
github.com/runapi-ai/infinitetalk-sdk/go v0.2.8/go.mod h1:b36S2DQAB+6ucf7cTgCKENlfFAeUtXqgzuHVdwOPv8g=
github.com/runapi-ai/kling-sdk/go v0.2.13 h1:uVvjoUUI3qVjWqTYIRDuygydzg8NPZUVzK1f+bICHa8=
github.com/runapi-ai/kling-sdk/go v0.2.13/go.mod h1:wA0LKtwcJc5LP+WmhS8v8tggmjvhTrgHEl6XeqVf5JY=
github.com/runapi-ai/luma-sdk/go v0.2.8 h1:qhiZN1TFm6qyjvt2iU/9ANEh/R36jfvofvPbwhjKYHk=
github.com/runapi-ai/luma-sdk/go v0.2.8/go.mod h1:GHdgTmZHQ3F4ZYo3BVNLYz/cnne8mG5Ypp55tPjsFFQ=
github.com/runapi-ai/midjourney-sdk/go v0.3.1 h1:QqliHuO9h9JNiFatKnSuRT/OIVWl1DNoMv+JgpCUshk=
github.com/runapi-ai/midjourney-sdk/go v0.3.1/go.mod h1:kt6f/o9DtVu9+SoKvZBwusW7+w93MCn3D5F5fIfOWss=
github.com/runapi-ai/nano-banana-sdk/go v0.2.12 h1:oIbozEcyCKmPsiIu0Z1j8SCEWlmmOCPth2Zb8SmEhC0=
github.com/runapi-ai/nano-banana-sdk/go v0.2.12/go.mod h1:lHP/0H4e7Ocnb4QOj5nICpaDkAjroUQqpj5hcIZD3ZM=
github.com/runapi-ai/omnihuman-sdk/go v0.2.10 h1:H97qJO1A278s4jY2GnqcKptIZjivDybZ1EXD6Twf+Fw=
github.com/runapi-ai/omnihuman-sdk/go v0.2.10/go.mod h1:fbVzVEemqBw4jhLwPg6UJN1mo1/ApxvjcvbkNrkh57s=
github.com/runapi-ai/openai-tts-sdk/go v0.1.2 h1:U0cwZNg4/CabsRx4EZVW+mMyrIHGTtcuxrxiq/M73oM=
github.com/runapi-ai/openai-tts-sdk/go v0.1.2/go.mod h1:QxRizAGVAgMVV4ZHKRYIrUV1wAhOj7wbuvx9hUE0YOA=
github.com/runapi-ai/producer-sdk/go v0.2.1 h1:tSE9YVj0tAjFZ9U2mi/TjchVSHTYDwMz/ai4UYrKjkg=
github.com/runapi-ai/producer-sdk/go v0.2.1/go.mod h1:yKZhNZGB1FxjzTKqZUzaWXJ/myn1SA9JV3GZPnMBIyw=
github.com/runapi-ai/qwen-2-sdk/go v0.2.9 h1:NyMJMSZ56S6iPzoOP1t9GvAP3BxM6II001tRZ9PYkhg=
github.com/runapi-ai/qwen-2-sdk/go v0.2.9/go.mod h1:9YcrXkWZugfC+DvJA+ry/CNooB2HbwIAyWMpEy62rFU=
github.com/runapi-ai/qwen-image-sdk/go v0.1.1 h1:IBWW4UyRywP33SM6JAgDMc37NY9fbgx5qGwB2/ERcEI=
github.com/runapi-ai/qwen-image-sdk/go v0.1.1/go.mod h1:C4oDS3Z0noA+9BnC0udXCzWRdXy6LuIRrNXsKqwp3HM=
github.com/runapi-ai/recraft-sdk/go v0.2.8 h1:4L0e/wHpGANObyLgyKDK+aznK9Qo9InwfHAOpPPfSH0=
github.com/runapi-ai/recraft-sdk/go v0.2.8/go.mod h1:Ri3tifMzrLt8nEBxFdedA6PXncuxsoa610n35yT/44c=
github.com/runapi-ai/runway-aleph-sdk/go v0.2.8 h1:n4dd1fSRe8BLS6uI6z+ZD0Y/bISON132qh8vTSrTmT4=
github.com/runapi-ai/runway-aleph-sdk/go v0.2.8/go.mod h1:9PopBtmho0CG5llMteZ9z1O77foTBgsZlz3ei4/biu4=
github.com/runapi-ai/runway-sdk/go v0.2.9 h1:V5G9FtV2wZIMoncNgzVUvE1bjH2TS1WXjVnioDmL3Ts=
github.com/runapi-ai/runway-sdk/go v0.2.9/go.mod h1:BlA2UJ6xqeqrtRbnSwlzVq5mkY9oPgBPzeKP7IXDLpc=
github.com/runapi-ai/seedance-sdk/go v0.2.12 h1:5PMV0qZD/r2zT6WPIJm4Q6Ij+hBwhZ5WSmZrhzv1uuo=
github.com/runapi-ai/seedance-sdk/go v0.2.12/go.mod h1:8NNko9GSWDKvhtHvy7AOVj/d2DopZh1gjkEma40h3kQ=
github.com/runapi-ai/seedream-sdk/go v0.2.11 h1:AObU6ztROFX1OKrTrBVwtqSUXfPzqBcP1vNF+ozaH3g=
github.com/runapi-ai/seedream-sdk/go v0.2.11/go.mod h1:mx+eXKkLhwWRy+EJVOym/Vv8WxjuGktujf6sbRt34uw=
github.com/runapi-ai/suno-sdk/go v0.3.2 h1:vtuq8sZNMubwlBDqTod/XDhIjj0a5kvPzyVq6Elr2TA=
github.com/runapi-ai/suno-sdk/go v0.3.2/go.mod h1:jeNcHeDgpuXOSHKlgR56D2tDMviLukzMT4W9ZZ4rJz4=
github.com/runapi-ai/topaz-sdk/go v0.2.9 h1:Ie6ulfVwFM5RpVSUD9EYudukMzifvkuZo7jxasFAnYc=
github.com/runapi-ai/topaz-sdk/go v0.2.9/go.mod h1:iWAqtMv3T4K04q7RaeMvwc9WcL9FJi4U+y3+Qv+Zp1o=
github.com/runapi-ai/veo-3.1-sdk/go v0.2.11 h1:vfK7gGD//wWwd8U+snI8coo/u4G7qNQBpek+PCVUqL4=
github.com/runapi-ai/veo-3.1-sdk/go v0.2.11/go.mod h1:VhYgHQidczk6GaJz+g3Eof2RkHIamnCdZh+h6l4uOX4=
github.com/runapi-ai/volcengine-lip-sync-sdk/go v0.2.10 h1:mri4v3PzyAhilemgwWwaFBZlAsjNEjTrFKkntVzIRTI=
github.com/runapi-ai/volcengine-lip-sync-sdk/go v0.2.10/go.mod h1:n9eIGBvZVOl2r3iyRvisdKJ6fc1xF14PmTdHGkhjhTU=
github.com/runapi-ai/wan-sdk/go v0.2.11 h1:cGM7RgJVtcoDtbrfxAk3+uWolrta/6DmxB/+npUFiNs=
github.com/runapi-ai/wan-sdk/go v0.2.11/go.mod h1:1Rill/izcpLwe9qbQx6uq50cdDCT9jy94cz0PYrhgWQ=
github.com/runapi-ai/z-image-sdk/go v0.2.8 h1:s+oALPkp02L42Iw1LCquKsl5u04gV7GTYZwxuxQBZlA=
github.com/runapi-ai/z-image-sdk/go v0.2.8/go.mod h1:qIb1rDw1Itp1EuhAMgUZOTZ2RqfmBA0zxdvycC5uu5g=
github.com/russross/blackfriday/v2 v2.1.0/go.mod h1:+Rmxgy9KzJVeS9/2gXHxylqXiyQDYRxCVz55jmeOWTM=
github.com/spf13/cobra v1.8.1 h1:e5/vxKd/rZsfSJMUX1agtjeTDf+qv1/JdBF8gg5k9ZM=
github.com/spf13/cobra v1.8.1/go.mod h1:wHxEcudfqmLYa8iTfL+OuZPbBZkmvliBWKIezN3kD9Y=
github.com/spf13/pflag v1.0.5 h1:iy+VFUOCP1a+8yFto/drg2CJ5u0yRoB7fZw3DKv/JXA=
github.com/spf13/pflag v1.0.5/go.mod h1:McXfInJRrz4CZXVZOBLb0bTZqETkiAhM9Iw0y3An2Bg=
golang.org/x/sys v0.0.0-20181122145206-62eef0e2fa9b h1:MQE+LT/ABUuuvEZ+YQAMSXindAdUh7slEmAkup74op4=
golang.org/x/sys v0.0.0-20181122145206-62eef0e2fa9b/go.mod h1:STP8DvDyc/dI5b8T5hshtkjS+E42TnysNCUPdjciGhY=
gopkg.in/check.v1 v0.0.0-20161208181325-20d25e280405/go.mod h1:Co6ibVJAznAaIkqp8huTwlJQCZ016jof/cbN4VW5Yz0=
gopkg.in/yaml.v3 v3.0.1/go.mod h1:K4uyk7z7BCEPqu6E+C64Yfv1cQ7kz7rIZviUmN+EgEM=
