github.com/BurntSushi/toml v1.6.0 h1:dRaEfpa2VI55EwlIW72hMRHdWouJeRF7TPYhI+AUQjk=
github.com/BurntSushi/toml v1.6.0/go.mod h1:ukJfTF/6rtPPRCnwkur4qwRxa8vTRFBF0uk2lLoLwho=
github.com/chzyer/logex v1.1.10 h1:Swpa1K6QvQznwJRcfTfQJmTE72DqScAa40E+fbHEXEE=
github.com/chzyer/logex v1.1.10/go.mod h1:+Ywpsq7O8HXn0nuIou7OrIPyXbp3wmkHB+jjWRnGsAI=
github.com/chzyer/readline v0.0.0-20180603132655-2972be24d48e h1:fY5BOSpyZCqRo5OhCuC+XN+r/bBCmeuuJtjz+bCNIf8=
github.com/chzyer/readline v0.0.0-20180603132655-2972be24d48e/go.mod h1:nSuG5e5PlCu98SY8svDHJxuZscDgtXS6KTTbou5AhLI=
github.com/chzyer/test v0.0.0-20180213035817-a1ea475d72b1 h1:q763qf9huN11kDQavWsoZXJNW3xEE4JJyHa5Q25/sd8=
github.com/chzyer/test v0.0.0-20180213035817-a1ea475d72b1/go.mod h1:Q3SI9o4m/ZMnBNeIyt5eFwwo7qiLfzFZmjNmxjkiQlU=
github.com/cpuguy83/go-md2man/v2 v2.0.4/go.mod h1:tgQtvFlXSQOSOSIRvRPT7W67SCa46tRHOmNcaadrF8o=
github.com/inconshreveable/mousetrap v1.1.0 h1:wN+x4NVGpMsO7ErUn/mUI3vEoE6Jt13X2s0bqwp9tc8=
github.com/inconshreveable/mousetrap v1.1.0/go.mod h1:vpF70FUmC8bwa3OWnCshd2FqLfsEA9PFc4w1p2J65bw=
github.com/manifoldco/promptui v0.9.0 h1:3V4HzJk1TtXW1MTZMP7mdlwbBpIinw3HztaIlYthEiA=
github.com/manifoldco/promptui v0.9.0/go.mod h1:ka04sppxSGFAtxX0qhlYQjISsg9mR4GWtQEhdbn6Pgg=
github.com/runapi-ai/core-sdk/go v0.4.1 h1:cf1+m6AR7q9CkzwUfHomqOJuR8SWDJl4KQRr43lw/ck=
github.com/runapi-ai/core-sdk/go v0.4.1/go.mod h1:e5uC8RF6BNkAj1WkOi+nD71mZL+cir+Ia97XUQj+5N0=
github.com/runapi-ai/elevenlabs-sdk/go v0.2.11 h1:wokl4CBnSvPbv93jedrVUqkhytb5drUCD/GGp0Bn8jc=
github.com/runapi-ai/elevenlabs-sdk/go v0.2.11/go.mod h1:T8ZbXXMjegWimHYZphg5X++LFjy4totXnBL/O3MyQjA=
github.com/runapi-ai/fish-audio-sdk/go v0.4.1 h1:0Quq38BePKGmIATKikz19IgDT4ba8p3Ktuq70sWMkGk=
github.com/runapi-ai/fish-audio-sdk/go v0.4.1/go.mod h1:thfPkGl16WhSVRtjvKYYx+h1eF0gR0xubKdHqC5peSM=
github.com/runapi-ai/flux-2-sdk/go v0.3.1 h1:asdYyHMdfBZzquqBBbu6JHCuCPxK4TQQK7/E/KyI8as=
github.com/runapi-ai/flux-2-sdk/go v0.3.1/go.mod h1:viXx/Fhg/OhozN9niuz7HEDp2KAMuhRno0JuCEc9xig=
github.com/runapi-ai/flux-kontext-sdk/go v0.2.9 h1:rsxsGd7H+6p88kyavBB3zM0XeGK4WMynn1eRLJnZRyo=
github.com/runapi-ai/flux-kontext-sdk/go v0.2.9/go.mod h1:uOvI5e98PpAwkJzNC20v+0fN429D0Sj1IkUOQqzcITo=
github.com/runapi-ai/flux-sdk/go v0.1.2 h1:Y7lxYyzTQG1ADiT6BwCeQa8RcU1VvrgM9nx2Oq9jfR0=
github.com/runapi-ai/flux-sdk/go v0.1.2/go.mod h1:qZC3LK7a32WDLZamy8gGeV1CeUKA+XHUBFfvGhrkb6U=
github.com/runapi-ai/gemini-omni-sdk/go v0.3.5 h1:vfJBvh44xHykZI5J6BBLzSEpbXSxoocHYttbip4Z6jw=
github.com/runapi-ai/gemini-omni-sdk/go v0.3.5/go.mod h1:odrIIzb+HDIvU6rMX6cr1Zs2fMhd1trgI9QwU6EnQ/U=
github.com/runapi-ai/gemini-tts-sdk/go v0.1.4 h1:+6BgLP9qQol3doKLibcA+cXxuernid+AnUY99egO2x8=
github.com/runapi-ai/gemini-tts-sdk/go v0.1.4/go.mod h1:twx7DEyzoum1lyMMM9yWO5tZGV1lZXAe7FrKfEhs0hQ=
github.com/runapi-ai/gpt-4o-image-sdk/go v0.2.10 h1:b+3RFnLo2ztisgJqmJ7pVu0Z28bNjcaRwQ/v89TNrns=
github.com/runapi-ai/gpt-4o-image-sdk/go v0.2.10/go.mod h1:OSn/lO14kmmdZoGGK3pSL36xjarTGMSWNHpZ4ifwyVM=
github.com/runapi-ai/gpt-image-2-sdk/go v0.2.9 h1:g8EV/WDDMh64ItV3oWQiKnMLanE9V0UYcK38kc4hSR8=
github.com/runapi-ai/gpt-image-2-sdk/go v0.2.9/go.mod h1:CSkQq+plM/cnFTNZxhmP0tzlJciHQn17vcurQzPceB8=
github.com/runapi-ai/gpt-image-2.5-sdk/go v0.1.2 h1:W6AMmWwDZXCBuXE36ZuP9snkWrh0n6F3in+m71d32Bk=
github.com/runapi-ai/gpt-image-2.5-sdk/go v0.1.2/go.mod h1:aCHl/aeCrt/mo56M1adYfGwlJOcYhv3ORPJNclJ6DdU=
github.com/runapi-ai/gpt-image-sdk/go v0.2.9 h1:9FEw5mdoFNqC2WOKG9q7pgIZ5mgDtFVKH33IoPySsF0=
github.com/runapi-ai/gpt-image-sdk/go v0.2.9/go.mod h1:/cFtmPcIHL4w6KaBxHhz58fsrpHsu1oVzz05hfOuwxI=
github.com/runapi-ai/grok-imagine-sdk/go v0.2.17 h1:kmjeO5xyONuIJM3/ihpIDENnQT/Myy9ziYZm2tk8XEQ=
github.com/runapi-ai/grok-imagine-sdk/go v0.2.17/go.mod h1:szTshqK56LisEwQhIgadnUBNDXs9tfOKz1fzVQkNYMI=
github.com/runapi-ai/hailuo-sdk/go v0.2.11 h1:YYKJLSmUaJTNqZ+YULku17Eug1BssXrCR0bz3uSrEaA=
github.com/runapi-ai/hailuo-sdk/go v0.2.11/go.mod h1:TTf3M2WgB4t1fwVbC71fM+c54tA3cF1uwiN0N/DPrqA=
github.com/runapi-ai/happyhorse-sdk/go v0.2.10 h1:TnUQ0nTtOYuiYPTsx1eBHUHC92PlFiGIqsiIN9wzkUw=
github.com/runapi-ai/happyhorse-sdk/go v0.2.10/go.mod h1:gOTSX0wIdx3bnRIhyEbLB5ME1d6y3/xhOru5ifh1LGs=
github.com/runapi-ai/ideogram-v3-sdk/go v0.2.10 h1:SFQ0eqx7fXsNxrGIcoVMLNw/lZ1ZAgbVFxEasiyPsPM=
github.com/runapi-ai/ideogram-v3-sdk/go v0.2.10/go.mod h1:gw1hE/tBXblS4ew8MXeTfPRiZnxLb/gD7QlY3hRPudU=
github.com/runapi-ai/imagen-4-sdk/go v0.2.11 h1:LCf4Y5o57Fcj0J4CXPslv91WlX1P3ONpTOhWYm3VwzA=
github.com/runapi-ai/imagen-4-sdk/go v0.2.11/go.mod h1:4wNzX0ON3sZica0JlJlB5ppXEmlmMhLvCNWgX0UaET0=
github.com/runapi-ai/infinitetalk-sdk/go v0.2.9 h1:p9BAnlvpD+flT/xmlBJ91xuN/lOWBFZKKqOnr71RSdI=
github.com/runapi-ai/infinitetalk-sdk/go v0.2.9/go.mod h1:ida/9qNN8MxeknGHgVpNRLuxOY+p+9fUfCiaijYtt/c=
github.com/runapi-ai/kling-sdk/go v0.3.6 h1:996ZR7QOJt/16qLMkSz8vM5A9uFsHBZJ4Hmr/UeYPkU=
github.com/runapi-ai/kling-sdk/go v0.3.6/go.mod h1:QVfw+n4/WHTPxmY80Nd3wiqe4bFex/kH13gbQ3VNWuU=
github.com/runapi-ai/luma-sdk/go v0.2.9 h1:+6w0kPfB+fTa2Wv/0NmDPVcqeXNUPbcYu1kWQMT9gMg=
github.com/runapi-ai/luma-sdk/go v0.2.9/go.mod h1:woD4OVqlZ4KXRUWjNXVQJUBUq7jYvoINjCHVYsXK7BA=
github.com/runapi-ai/midjourney-sdk/go v0.4.1 h1:l7YeD5LNb3K9TlPOVmBUSZnF+oLVllquU3KKq3ctn1I=
github.com/runapi-ai/midjourney-sdk/go v0.4.1/go.mod h1:BHD++3URiT2Qn0zoN7NRmfgvCtwywoB8uyCBco//tuk=
github.com/runapi-ai/minimax-h3-sdk/go v0.1.1 h1:vjLtQ4AMImSv+2WcK1+uHDzKN5DEr6ROni8bsS32p9s=
github.com/runapi-ai/minimax-h3-sdk/go v0.1.1/go.mod h1:JEA2qgrrWwxSNJfHOqoVGCf006XlzWr9rHrGibVOqEc=
github.com/runapi-ai/nano-banana-sdk/go v0.2.14 h1:mFlxvMMqCeLrXd1BRhPI0uLtgmsO5bAIzdiOK4VThJg=
github.com/runapi-ai/nano-banana-sdk/go v0.2.14/go.mod h1:CdMoxuQqCv8OVpNKZfoqSGRTgkNuzrl0bdW6dMikYV4=
github.com/runapi-ai/omnihuman-sdk/go v0.2.12 h1:Q6mcb1ZxPErNQg56w7ovZIgjCLOwFAEBd2e1WyOr2j0=
github.com/runapi-ai/omnihuman-sdk/go v0.2.12/go.mod h1:3m9W0aiHqONfOodrMNe0Map4e0Vk5GukkeUw/GkjWcA=
github.com/runapi-ai/openai-transcription-sdk/go v0.2.0 h1:8GvtIkSPYEAlaSRoQ3+Qf/q07aXkFZmNgxbreyk062g=
github.com/runapi-ai/openai-transcription-sdk/go v0.2.0/go.mod h1:KH/L7TTfN+NbcYw7hGNnmgvxazMVaUq063OdgfENRT4=
github.com/runapi-ai/openai-tts-sdk/go v0.2.1 h1:yhVUnM5sz5Evbds5dcIjV6D4zPvRSpoZ9c1P0esAa/A=
github.com/runapi-ai/openai-tts-sdk/go v0.2.1/go.mod h1:LGko8Bh96wgZLcc+niSauEmFsY4VBigzIdR/3hqrhYM=
github.com/runapi-ai/pixverse-sdk/go v0.1.3 h1:+1HiDpg1kg95Nl7NZ3B9C5r8AVYvpWZpimxbXkLGfDQ=
github.com/runapi-ai/pixverse-sdk/go v0.1.3/go.mod h1:E2B+CMB62cajNrtAQBnDzYPSPSLA+UYr3pe59UIQ9uw=
github.com/runapi-ai/producer-sdk/go v0.2.2 h1:agVe7B0I9Z/ApY8q8WSzH+XREkhXvZa/Qesqaq8oKK0=
github.com/runapi-ai/producer-sdk/go v0.2.2/go.mod h1:TjFloaM6t6s97H2Di8GT/bp3duaNwule0xM9usdlCjk=
github.com/runapi-ai/qwen-2-sdk/go v0.2.10 h1:ZlXIrpHaOxSnkXZkkKsWYqzN4dkoA52f6Lnz3BtNi3s=
github.com/runapi-ai/qwen-2-sdk/go v0.2.10/go.mod h1:Xe4hplFA5FjyBzA9hqXaR4GDOaar9h/P2pM1/q9Bg08=
github.com/runapi-ai/qwen-3-sdk/go v0.1.1 h1:/FXKluDVHZKyxBvSSG53q8RLMcjxzolc6GA0Fh5ZMBs=
github.com/runapi-ai/qwen-3-sdk/go v0.1.1/go.mod h1:2znO1RH2aX7umjlZ73KJUAexbAT5tQ4sRyC/jicYuWo=
github.com/runapi-ai/qwen-image-sdk/go v0.1.2 h1:KMCFi50rtOX/9m0yVbH4aQZZdNJKO1/Aqd9OnVKXj9s=
github.com/runapi-ai/qwen-image-sdk/go v0.1.2/go.mod h1:nQ5ieWE9YQfqB8sBNrFTvAVrv2Xfa9BkGszOb4TPNo8=
github.com/runapi-ai/recraft-sdk/go v0.2.9 h1:yHnVrmsmQRLRPrHhSbYKVPQ+GFWcNgDUALIKWnZaJ3c=
github.com/runapi-ai/recraft-sdk/go v0.2.9/go.mod h1:sWnXQaBP+CplETk2J6zO7CYbrinTYbZJMsW4Mee0DQk=
github.com/runapi-ai/runway-aleph-sdk/go v0.2.9 h1:kSsyATRK5/XNVP2TT4d4QqynC/RL+GLakDDZFsQo1ZY=
github.com/runapi-ai/runway-aleph-sdk/go v0.2.9/go.mod h1:5sFazTecnjQG3f7znFrtdc7CUYPKf625X45e5sq27qw=
github.com/runapi-ai/runway-sdk/go v0.2.11 h1:/nyMxCzvyntEqvVU2fcLlSR3Y/Ga7TBvt1R2Te/cooA=
github.com/runapi-ai/runway-sdk/go v0.2.11/go.mod h1:HPJ/UnuiVnNwxg9dqLGz9S8dRhbb2tN1BRTpuuORkQo=
github.com/runapi-ai/seedance-sdk/go v0.3.2 h1:CrHKKFhW6m+R6BiEQ3Myl8itx22la2KalQn5Sg410O4=
github.com/runapi-ai/seedance-sdk/go v0.3.2/go.mod h1:g84lv+TR9l6b3hOHrzJjCzcHxE5F6arPX3Lt05wOybc=
github.com/runapi-ai/seedream-sdk/go v0.3.1 h1:vQXaVJM53GD95JtM2w8Dn0wEP8o4Gucdp1+9l/RSUlg=
github.com/runapi-ai/seedream-sdk/go v0.3.1/go.mod h1:zKJOo0Jm3aAwepg7mBTEQpXueQH3CN0GE4YPlQoBbUI=
github.com/runapi-ai/suno-sdk/go v0.5.0 h1:Frf/3IxNvIgup3GfPMxNEWMWK6LWS4xBUF2ms3zltSc=
github.com/runapi-ai/suno-sdk/go v0.5.0/go.mod h1:2o7Ot7PPnBWwepBArltDw83nny1vokuroHFgM6LjLZA=
github.com/runapi-ai/topaz-sdk/go v0.2.12 h1:wmnkuh5WSp8DLkp26xABQstSqlHxUcywKXYCeOK+igM=
github.com/runapi-ai/topaz-sdk/go v0.2.12/go.mod h1:cdUHfaRHbvYYQpDr4EF91ke2N844M90ms5NaVUuLc5E=
github.com/runapi-ai/typesafe-sdk/go v0.2.0 h1:bHdm32wPXjUv5DdsYXXqFx4mfJe2jv0aPzKYzGG1WXY=
github.com/runapi-ai/typesafe-sdk/go v0.2.0/go.mod h1:EZwgWw9oB8pu1+hKZoEPiyZl+cOLL7urzyfOeJkYS0I=
github.com/runapi-ai/veo-3.1-sdk/go v0.2.12 h1:ySbOvwa1XU7ZguHn2TYmkeV/u19g6aZMzDB8ITY2MjU=
github.com/runapi-ai/veo-3.1-sdk/go v0.2.12/go.mod h1:RuW3fXbwdlK9eGLAWhOnZD0rpQnbSTuu5Q/c6DNPue8=
github.com/runapi-ai/volcengine-lip-sync-sdk/go v0.2.11 h1:Hxk8DYOz9C78+SEP3Ekt/KxuYsnPJXtdDMdHPNdLB6k=
github.com/runapi-ai/volcengine-lip-sync-sdk/go v0.2.11/go.mod h1:6SZhfkqnqmJe7GzmvoIo6DvgtEEJzz1mKXl2vF+vLaA=
github.com/runapi-ai/wan-sdk/go v0.2.15 h1:DhB1fpE8t/FDtU9ddL97CmriSLOWTQ89BMHkONCUxWg=
github.com/runapi-ai/wan-sdk/go v0.2.15/go.mod h1:sTOp9bcEGLrGYok53+6LEz3oUQ310ENmOYCRp1ox6vM=
github.com/runapi-ai/z-image-sdk/go v0.2.9 h1:2A3LExg9agko7H+HJQPpG+H9M16wtpPae3k3CQlYRpo=
github.com/runapi-ai/z-image-sdk/go v0.2.9/go.mod h1:u/N7TF/Gq/z1okfMpTbRjzlzcZlhTApc+69SIv9L9/Q=
github.com/russross/blackfriday/v2 v2.1.0/go.mod h1:+Rmxgy9KzJVeS9/2gXHxylqXiyQDYRxCVz55jmeOWTM=
github.com/spf13/cobra v1.8.1 h1:e5/vxKd/rZsfSJMUX1agtjeTDf+qv1/JdBF8gg5k9ZM=
github.com/spf13/cobra v1.8.1/go.mod h1:wHxEcudfqmLYa8iTfL+OuZPbBZkmvliBWKIezN3kD9Y=
github.com/spf13/pflag v1.0.5 h1:iy+VFUOCP1a+8yFto/drg2CJ5u0yRoB7fZw3DKv/JXA=
github.com/spf13/pflag v1.0.5/go.mod h1:McXfInJRrz4CZXVZOBLb0bTZqETkiAhM9Iw0y3An2Bg=
golang.org/x/sys v0.0.0-20181122145206-62eef0e2fa9b h1:MQE+LT/ABUuuvEZ+YQAMSXindAdUh7slEmAkup74op4=
golang.org/x/sys v0.0.0-20181122145206-62eef0e2fa9b/go.mod h1:STP8DvDyc/dI5b8T5hshtkjS+E42TnysNCUPdjciGhY=
gopkg.in/check.v1 v0.0.0-20161208181325-20d25e280405/go.mod h1:Co6ibVJAznAaIkqp8huTwlJQCZ016jof/cbN4VW5Yz0=
gopkg.in/yaml.v3 v3.0.1/go.mod h1:K4uyk7z7BCEPqu6E+C64Yfv1cQ7kz7rIZviUmN+EgEM=
